
Microsoft Visual Studio Solution File, Format Version 12.00
# Visual Studio Version 17
VisualStudioVersion = 17.3.32929.385
MinimumVisualStudioVersion = 10.0.40219.1
Project("{FAE04EC0-301F-11D3-BF4B-00C04F79EFBC}") = "Project3", "Project3.csproj", "{1062D30D-BF9E-4793-A105-21C4E32DA909}"
EndProject
Global
	GlobalSection(SolutionConfigurationPlatforms) = preSolution
		Debug|Any CPU = Debug|Any CPU
		Release|Any CPU = Release|Any CPU
	EndGlobalSection
	GlobalSection(ProjectConfigurationPlatforms) = postSolution
		{1062D30D-BF9E-4793-A105-21C4E32DA909}.Debug|Any CPU.ActiveCfg = Debug|Any CPU
		{1062D30D-BF9E-4793-A105-21C4E32DA909}.Debug|Any CPU.Build.0 = Debug|Any CPU
		{1062D30D-BF9E-4793-A105-21C4E32DA909}.Release|Any CPU.ActiveCfg = Release|Any CPU
		{1062D30D-BF9E-4793-A105-21C4E32DA909}.Release|Any CPU.Build.0 = Release|Any CPU
	EndGlobalSection
	GlobalSection(SolutionProperties) = preSolution
		HideSolutionNode = FALSE
	EndGlobalSection
	GlobalSection(ExtensibilityGlobals) = postSolution
		SolutionGuid = {342366DA-2670-4D9E-91F0-63CB1E4B69FD}
	EndGlobalSection
EndGlobal
